
Microsoft Visual Studio Solution File, Format Version 12.00
# Visual Studio 15
VisualStudioVersion = 15.0.27130.2026
MinimumVisualStudioVersion = 10.0.40219.1
Project("{FAE04EC0-301F-11D3-BF4B-00C04F79EFBC}") = "MvcMovie", "MvcMovie\MvcMovie.csproj", "{42E9B2C9-88E0-4048-B39F-051715A1D886}"
EndProject
Global
	GlobalSection(SolutionConfigurationPlatforms) = preSolution
		Debug|Any CPU = Debug|Any CPU
		Release|Any CPU = Release|Any CPU
	EndGlobalSection
	GlobalSection(ProjectConfigurationPlatforms) = postSolution
		{42E9B2C9-88E0-4048-B39F-051715A1D886}.Debug|Any CPU.ActiveCfg = Debug|Any CPU
		{42E9B2C9-88E0-4048-B39F-051715A1D886}.Debug|Any CPU.Build.0 = Debug|Any CPU
		{42E9B2C9-88E0-4048-B39F-051715A1D886}.Release|Any CPU.ActiveCfg = Release|Any CPU
		{42E9B2C9-88E0-4048-B39F-051715A1D886}.Release|Any CPU.Build.0 = Release|Any CPU
	EndGlobalSection
	GlobalSection(SolutionProperties) = preSolution
		HideSolutionNode = FALSE
	EndGlobalSection
	GlobalSection(ExtensibilityGlobals) = postSolution
		SolutionGuid = {1D8BEC17-9961-4802-81E5-3C7DB8AAB469}
	EndGlobalSection
EndGlobal
